
Microsoft Visual Studio Solution File, Format Version 12.00
# Visual Studio 15
VisualStudioVersion = 15.0.28307.779
MinimumVisualStudioVersion = 10.0.40219.1
Project("{8BC9CEB8-8B4A-11D0-8D11-00A0C91BC942}") = "Lab1", "Lab1\Lab1.vcxproj", "{EDC93FD8-5C39-4A93-A13E-BE4664D62D5A}"
EndProject
Global
	GlobalSection(SolutionConfigurationPlatforms) = preSolution
		Debug|x64 = Debug|x64
		Debug|x86 = Debug|x86
		Release|x64 = Release|x64
		Release|x86 = Release|x86
	EndGlobalSection
	GlobalSection(ProjectConfigurationPlatforms) = postSolution
		{EDC93FD8-5C39-4A93-A13E-BE4664D62D5A}.Debug|x64.ActiveCfg = Debug|x64
		{EDC93FD8-5C39-4A93-A13E-BE4664D62D5A}.Debug|x64.Build.0 = Debug|x64
		{EDC93FD8-5C39-4A93-A13E-BE4664D62D5A}.Debug|x86.ActiveCfg = Debug|Win32
		{EDC93FD8-5C39-4A93-A13E-BE4664D62D5A}.Debug|x86.Build.0 = Debug|Win32
		{EDC93FD8-5C39-4A93-A13E-BE4664D62D5A}.Release|x64.ActiveCfg = Release|x64
		{EDC93FD8-5C39-4A93-A13E-BE4664D62D5A}.Release|x64.Build.0 = Release|x64
		{EDC93FD8-5C39-4A93-A13E-BE4664D62D5A}.Release|x86.ActiveCfg = Release|Win32
		{EDC93FD8-5C39-4A93-A13E-BE4664D62D5A}.Release|x86.Build.0 = Release|Win32
	EndGlobalSection
	GlobalSection(SolutionProperties) = preSolution
		HideSolutionNode = FALSE
	EndGlobalSection
	GlobalSection(ExtensibilityGlobals) = postSolution
		SolutionGuid = {06D03266-BFE2-4FA6-BAC7-B7E7AB000D6B}
	EndGlobalSection
EndGlobal
